// !$*UTF8*$!
{
	archiveVersion = 1;
	classes = {
	};
	objectVersion = 56;
	objects = {

/* Begin PBXBuildFile section */
		9E385C012AFBA56400E155EB /* ApplicationData.swift in Sources */ = {isa = PBXBuildFile; fileRef = 9E385C002AFBA56400E155EB /* ApplicationData.swift */; };
		9E385C042AFBA8D000E155EB /* DiffableDataSource.storyboard in Resources */ = {isa = PBXBuildFile; fileRef = 9E385C032AFBA8D000E155EB /* DiffableDataSource.storyboard */; };
		9E385C062AFBA8E000E155EB /* DiffableDataSourceViewController.swift in Sources */ = {isa = PBXBuildFile; fileRef = 9E385C052AFBA8E000E155EB /* DiffableDataSourceViewController.swift */; };
		9E385C092AFBB48400E155EB /* Background.storyboard in Resources */ = {isa = PBXBuildFile; fileRef = 9E385C082AFBB48400E155EB /* Background.storyboard */; };
		9E385C0B2AFBB48A00E155EB /* BackgroundViewController.swift in Sources */ = {isa = PBXBuildFile; fileRef = 9E385C0A2AFBB48A00E155EB /* BackgroundViewController.swift */; };
		9E385C0E2AFBB9EC00E155EB /* StateViewController.swift in Sources */ = {isa = PBXBuildFile; fileRef = 9E385C0D2AFBB9EC00E155EB /* StateViewController.swift */; };
		9E385C102AFBB9F100E155EB /* State.storyboard in Resources */ = {isa = PBXBuildFile; fileRef = 9E385C0F2AFBB9F100E155EB /* State.storyboard */; };
		9E385C132AFBC81800E155EB /* CellSubclassViewController.swift in Sources */ = {isa = PBXBuildFile; fileRef = 9E385C122AFBC81800E155EB /* CellSubclassViewController.swift */; };
		9E385C152AFBC81D00E155EB /* CellSubclass.storyboard in Resources */ = {isa = PBXBuildFile; fileRef = 9E385C142AFBC81D00E155EB /* CellSubclass.storyboard */; };
		9E385C172AFBC8F800E155EB /* FoodCell.swift in Sources */ = {isa = PBXBuildFile; fileRef = 9E385C162AFBC8F800E155EB /* FoodCell.swift */; };
		9E385C1C2AFBCC1700E155EB /* CustomCellConfigViewController.swift in Sources */ = {isa = PBXBuildFile; fileRef = 9E385C1B2AFBCC1700E155EB /* CustomCellConfigViewController.swift */; };
		9E385C1E2AFBCC1D00E155EB /* CustomCellConfig.storyboard in Resources */ = {isa = PBXBuildFile; fileRef = 9E385C1D2AFBCC1D00E155EB /* CustomCellConfig.storyboard */; };
		9E3FB3F72AF7C93300EE21E7 /* PhotosSettingItem.swift in Sources */ = {isa = PBXBuildFile; fileRef = 9E3FB3F62AF7C93300EE21E7 /* PhotosSettingItem.swift */; };
		9E3FB3F92AF7D5B300EE21E7 /* SwitchTableViewCell.swift in Sources */ = {isa = PBXBuildFile; fileRef = 9E3FB3F82AF7D5B300EE21E7 /* SwitchTableViewCell.swift */; };
		9E485C352AF8B51900FE59E7 /* MultipleSelectionTableViewCell.swift in Sources */ = {isa = PBXBuildFile; fileRef = 9E485C342AF8B51900FE59E7 /* MultipleSelectionTableViewCell.swift */; };
		9E485C9E2AFB633000FE59E7 /* Landscape.swift in Sources */ = {isa = PBXBuildFile; fileRef = 9E485C9D2AFB633000FE59E7 /* Landscape.swift */; };
		9E485CA02AFB64DC00FE59E7 /* ImageTableViewCell.swift in Sources */ = {isa = PBXBuildFile; fileRef = 9E485C9F2AFB64DC00FE59E7 /* ImageTableViewCell.swift */; };
		9E485CA52AFB692D00FE59E7 /* CustomTableViewCell.swift in Sources */ = {isa = PBXBuildFile; fileRef = 9E485CA32AFB692D00FE59E7 /* CustomTableViewCell.swift */; };
		9E485CA62AFB692D00FE59E7 /* CustomTableViewCell.xib in Resources */ = {isa = PBXBuildFile; fileRef = 9E485CA42AFB692D00FE59E7 /* CustomTableViewCell.xib */; };
		9EF218462AF7726000189DF9 /* AppDelegate.swift in Sources */ = {isa = PBXBuildFile; fileRef = 9EF218452AF7726000189DF9 /* AppDelegate.swift */; };
		9EF218482AF7726000189DF9 /* SceneDelegate.swift in Sources */ = {isa = PBXBuildFile; fileRef = 9EF218472AF7726000189DF9 /* SceneDelegate.swift */; };
		9EF2184D2AF7726000189DF9 /* Main.storyboard in Resources */ = {isa = PBXBuildFile; fileRef = 9EF2184B2AF7726000189DF9 /* Main.storyboard */; };
		9EF2184F2AF7726100189DF9 /* Assets.xcassets in Resources */ = {isa = PBXBuildFile; fileRef = 9EF2184E2AF7726100189DF9 /* Assets.xcassets */; };
		9EF218522AF7726100189DF9 /* LaunchScreen.storyboard in Resources */ = {isa = PBXBuildFile; fileRef = 9EF218502AF7726100189DF9 /* LaunchScreen.storyboard */; };
		9EF2185A2AF773BD00189DF9 /* RandomNumber.swift in Sources */ = {isa = PBXBuildFile; fileRef = 9EF218592AF773BC00189DF9 /* RandomNumber.swift */; };
		9EF2185D2AF773CE00189DF9 /* BasicViewController.swift in Sources */ = {isa = PBXBuildFile; fileRef = 9EF2185C2AF773CE00189DF9 /* BasicViewController.swift */; };
		9EF2185F2AF773D200189DF9 /* Basic.storyboard in Resources */ = {isa = PBXBuildFile; fileRef = 9EF2185E2AF773D200189DF9 /* Basic.storyboard */; };
		9EF218632AF774C200189DF9 /* MultiSection.storyboard in Resources */ = {isa = PBXBuildFile; fileRef = 9EF218622AF774C200189DF9 /* MultiSection.storyboard */; };
		9EF218652AF774D900189DF9 /* MultiSectionViewController.swift in Sources */ = {isa = PBXBuildFile; fileRef = 9EF218642AF774D900189DF9 /* MultiSectionViewController.swift */; };
		9EF218682AF7751C00189DF9 /* SeperatorViewController.swift in Sources */ = {isa = PBXBuildFile; fileRef = 9EF218672AF7751C00189DF9 /* SeperatorViewController.swift */; };
		9EF2186A2AF7752100189DF9 /* Separator.storyboard in Resources */ = {isa = PBXBuildFile; fileRef = 9EF218692AF7752100189DF9 /* Separator.storyboard */; };
		9EF2186D2AF7755600189DF9 /* SelfSizing.storyboard in Resources */ = {isa = PBXBuildFile; fileRef = 9EF2186C2AF7755600189DF9 /* SelfSizing.storyboard */; };
		9EF2186F2AF7756100189DF9 /* SelfSizingViewController.swift in Sources */ = {isa = PBXBuildFile; fileRef = 9EF2186E2AF7756100189DF9 /* SelfSizingViewController.swift */; };
		9EF218722AF7757C00189DF9 /* CustomCell.storyboard in Resources */ = {isa = PBXBuildFile; fileRef = 9EF218712AF7757C00189DF9 /* CustomCell.storyboard */; };
		9EF218742AF7758200189DF9 /* CustomCellTableViewController.swift in Sources */ = {isa = PBXBuildFile; fileRef = 9EF218732AF7758200189DF9 /* CustomCellTableViewController.swift */; };
		9EF218772AF775BA00189DF9 /* SectionIndexViewController.swift in Sources */ = {isa = PBXBuildFile; fileRef = 9EF218762AF775BA00189DF9 /* SectionIndexViewController.swift */; };
		9EF218792AF775BF00189DF9 /* SectionIndex.storyboard in Resources */ = {isa = PBXBuildFile; fileRef = 9EF218782AF775BF00189DF9 /* SectionIndex.storyboard */; };
		9EF2187C2AF7760100189DF9 /* SingleSelection.storyboard in Resources */ = {isa = PBXBuildFile; fileRef = 9EF2187B2AF7760100189DF9 /* SingleSelection.storyboard */; };
		9EF2187E2AF7760800189DF9 /* SingleSelectionViewController.swift in Sources */ = {isa = PBXBuildFile; fileRef = 9EF2187D2AF7760800189DF9 /* SingleSelectionViewController.swift */; };
		9EF218812AF7761500189DF9 /* MultipleSelection.storyboard in Resources */ = {isa = PBXBuildFile; fileRef = 9EF218802AF7761500189DF9 /* MultipleSelection.storyboard */; };
		9EF218832AF7761D00189DF9 /* MultiSelectionViewController.swift in Sources */ = {isa = PBXBuildFile; fileRef = 9EF218822AF7761D00189DF9 /* MultiSelectionViewController.swift */; };
		9EF218862AF776B500189DF9 /* EditModeViewController.swift in Sources */ = {isa = PBXBuildFile; fileRef = 9EF218852AF776B500189DF9 /* EditModeViewController.swift */; };
		9EF218882AF776BA00189DF9 /* EditMode.storyboard in Resources */ = {isa = PBXBuildFile; fileRef = 9EF218872AF776BA00189DF9 /* EditMode.storyboard */; };
		9EF2188B2AF776D800189DF9 /* ReorderingViewController.swift in Sources */ = {isa = PBXBuildFile; fileRef = 9EF2188A2AF776D800189DF9 /* ReorderingViewController.swift */; };
		9EF2188D2AF776DE00189DF9 /* Reordering.storyboard in Resources */ = {isa = PBXBuildFile; fileRef = 9EF2188C2AF776DE00189DF9 /* Reordering.storyboard */; };
		9EF218902AF7770000189DF9 /* SwipeActionViewController.swift in Sources */ = {isa = PBXBuildFile; fileRef = 9EF2188F2AF7770000189DF9 /* SwipeActionViewController.swift */; };
		9EF218922AF7770500189DF9 /* SwipeAction.storyboard in Resources */ = {isa = PBXBuildFile; fileRef = 9EF218912AF7770500189DF9 /* SwipeAction.storyboard */; };
		9EF218952AF7772B00189DF9 /* Prefetching.storyboard in Resources */ = {isa = PBXBuildFile; fileRef = 9EF218942AF7772B00189DF9 /* Prefetching.storyboard */; };
		9EF218972AF7773000189DF9 /* PrefetchingViewController.swift in Sources */ = {isa = PBXBuildFile; fileRef = 9EF218962AF7773000189DF9 /* PrefetchingViewController.swift */; };
/* End PBXBuildFile section */

/* Begin PBXFileReference section */
		9E385C002AFBA56400E155EB /* ApplicationData.swift */ = {isa = PBXFileReference; lastKnownFileType = sourcecode.swift; path = ApplicationData.swift; sourceTree = "<group>"; };
		9E385C032AFBA8D000E155EB /* DiffableDataSource.storyboard */ = {isa = PBXFileReference; lastKnownFileType = file.storyboard; path = DiffableDataSource.storyboard; sourceTree = "<group>"; };
		9E385C052AFBA8E000E155EB /* DiffableDataSourceViewController.swift */ = {isa = PBXFileReference; lastKnownFileType = sourcecode.swift; path = DiffableDataSourceViewController.swift; sourceTree = "<group>"; };
		9E385C082AFBB48400E155EB /* Background.storyboard */ = {isa = PBXFileReference; lastKnownFileType = file.storyboard; path = Background.storyboard; sourceTree = "<group>"; };
		9E385C0A2AFBB48A00E155EB /* BackgroundViewController.swift */ = {isa = PBXFileReference; lastKnownFileType = sourcecode.swift; path = BackgroundViewController.swift; sourceTree = "<group>"; };
		9E385C0D2AFBB9EC00E155EB /* StateViewController.swift */ = {isa = PBXFileReference; lastKnownFileType = sourcecode.swift; path = StateViewController.swift; sourceTree = "<group>"; };
		9E385C0F2AFBB9F100E155EB /* State.storyboard */ = {isa = PBXFileReference; lastKnownFileType = file.storyboard; path = State.storyboard; sourceTree = "<group>"; };
		9E385C122AFBC81800E155EB /* CellSubclassViewController.swift */ = {isa = PBXFileReference; lastKnownFileType = sourcecode.swift; path = CellSubclassViewController.swift; sourceTree = "<group>"; };
		9E385C142AFBC81D00E155EB /* CellSubclass.storyboard */ = {isa = PBXFileReference; lastKnownFileType = file.storyboard; path = CellSubclass.storyboard; sourceTree = "<group>"; };
		9E385C162AFBC8F800E155EB /* FoodCell.swift */ = {isa = PBXFileReference; lastKnownFileType = sourcecode.swift; path = FoodCell.swift; sourceTree = "<group>"; };
		9E385C1B2AFBCC1700E155EB /* CustomCellConfigViewController.swift */ = {isa = PBXFileReference; lastKnownFileType = sourcecode.swift; path = CustomCellConfigViewController.swift; sourceTree = "<group>"; };
		9E385C1D2AFBCC1D00E155EB /* CustomCellConfig.storyboard */ = {isa = PBXFileReference; lastKnownFileType = file.storyboard; path = CustomCellConfig.storyboard; sourceTree = "<group>"; };
		9E3FB3F62AF7C93300EE21E7 /* PhotosSettingItem.swift */ = {isa = PBXFileReference; lastKnownFileType = sourcecode.swift; path = PhotosSettingItem.swift; sourceTree = "<group>"; };
		9E3FB3F82AF7D5B300EE21E7 /* SwitchTableViewCell.swift */ = {isa = PBXFileReference; lastKnownFileType = sourcecode.swift; path = SwitchTableViewCell.swift; sourceTree = "<group>"; };
		9E485C342AF8B51900FE59E7 /* MultipleSelectionTableViewCell.swift */ = {isa = PBXFileReference; lastKnownFileType = sourcecode.swift; path = MultipleSelectionTableViewCell.swift; sourceTree = "<group>"; };
		9E485C9D2AFB633000FE59E7 /* Landscape.swift */ = {isa = PBXFileReference; lastKnownFileType = sourcecode.swift; path = Landscape.swift; sourceTree = "<group>"; };
		9E485C9F2AFB64DC00FE59E7 /* ImageTableViewCell.swift */ = {isa = PBXFileReference; lastKnownFileType = sourcecode.swift; path = ImageTableViewCell.swift; sourceTree = "<group>"; };
		9E485CA32AFB692D00FE59E7 /* CustomTableViewCell.swift */ = {isa = PBXFileReference; lastKnownFileType = sourcecode.swift; path = CustomTableViewCell.swift; sourceTree = "<group>"; };
		9E485CA42AFB692D00FE59E7 /* CustomTableViewCell.xib */ = {isa = PBXFileReference; lastKnownFileType = file.xib; path = CustomTableViewCell.xib; sourceTree = "<group>"; };
		9EF218422AF7726000189DF9 /* UITableView.app */ = {isa = PBXFileReference; explicitFileType = wrapper.application; includeInIndex = 0; path = UITableView.app; sourceTree = BUILT_PRODUCTS_DIR; };
		9EF218452AF7726000189DF9 /* AppDelegate.swift */ = {isa = PBXFileReference; lastKnownFileType = sourcecode.swift; path = AppDelegate.swift; sourceTree = "<group>"; };
		9EF218472AF7726000189DF9 /* SceneDelegate.swift */ = {isa = PBXFileReference; lastKnownFileType = sourcecode.swift; path = SceneDelegate.swift; sourceTree = "<group>"; };
		9EF2184C2AF7726000189DF9 /* Base */ = {isa = PBXFileReference; lastKnownFileType = file.storyboard; name = Base; path = Base.lproj/Main.storyboard; sourceTree = "<group>"; };
		9EF2184E2AF7726100189DF9 /* Assets.xcassets */ = {isa = PBXFileReference; lastKnownFileType = folder.assetcatalog; path = Assets.xcassets; sourceTree = "<group>"; };
		9EF218512AF7726100189DF9 /* Base */ = {isa = PBXFileReference; lastKnownFileType = file.storyboard; name = Base; path = Base.lproj/LaunchScreen.storyboard; sourceTree = "<group>"; };
		9EF218532AF7726100189DF9 /* Info.plist */ = {isa = PBXFileReference; lastKnownFileType = text.plist.xml; path = Info.plist; sourceTree = "<group>"; };
		9EF218592AF773BC00189DF9 /* RandomNumber.swift */ = {isa = PBXFileReference; lastKnownFileType = sourcecode.swift; path = RandomNumber.swift; sourceTree = "<group>"; };
		9EF2185C2AF773CE00189DF9 /* BasicViewController.swift */ = {isa = PBXFileReference; lastKnownFileType = sourcecode.swift; path = BasicViewController.swift; sourceTree = "<group>"; };
		9EF2185E2AF773D200189DF9 /* Basic.storyboard */ = {isa = PBXFileReference; lastKnownFileType = file.storyboard; path = Basic.storyboard; sourceTree = "<group>"; };
		9EF218622AF774C200189DF9 /* MultiSection.storyboard */ = {isa = PBXFileReference; lastKnownFileType = file.storyboard; path = MultiSection.storyboard; sourceTree = "<group>"; };
		9EF218642AF774D900189DF9 /* MultiSectionViewController.swift */ = {isa = PBXFileReference; lastKnownFileType = sourcecode.swift; path = MultiSectionViewController.swift; sourceTree = "<group>"; };
		9EF218672AF7751C00189DF9 /* SeperatorViewController.swift */ = {isa = PBXFileReference; lastKnownFileType = sourcecode.swift; path = SeperatorViewController.swift; sourceTree = "<group>"; };
		9EF218692AF7752100189DF9 /* Separator.storyboard */ = {isa = PBXFileReference; lastKnownFileType = file.storyboard; path = Separator.storyboard; sourceTree = "<group>"; };
		9EF2186C2AF7755600189DF9 /* SelfSizing.storyboard */ = {isa = PBXFileReference; lastKnownFileType = file.storyboard; path = SelfSizing.storyboard; sourceTree = "<group>"; };
		9EF2186E2AF7756100189DF9 /* SelfSizingViewController.swift */ = {isa = PBXFileReference; lastKnownFileType = sourcecode.swift; path = SelfSizingViewController.swift; sourceTree = "<group>"; };
		9EF218712AF7757C00189DF9 /* CustomCell.storyboard */ = {isa = PBXFileReference; lastKnownFileType = file.storyboard; path = CustomCell.storyboard; sourceTree = "<group>"; };
		9EF218732AF7758200189DF9 /* CustomCellTableViewController.swift */ = {isa = PBXFileReference; lastKnownFileType = sourcecode.swift; path = CustomCellTableViewController.swift; sourceTree = "<group>"; };
		9EF218762AF775BA00189DF9 /* SectionIndexViewController.swift */ = {isa = PBXFileReference; lastKnownFileType = sourcecode.swift; path = SectionIndexViewController.swift; sourceTree = "<group>"; };
		9EF218782AF775BF00189DF9 /* SectionIndex.storyboard */ = {isa = PBXFileReference; lastKnownFileType = file.storyboard; path = SectionIndex.storyboard; sourceTree = "<group>"; };
		9EF2187B2AF7760100189DF9 /* SingleSelection.storyboard */ = {isa = PBXFileReference; lastKnownFileType = file.storyboard; path = SingleSelection.storyboard; sourceTree = "<group>"; };
		9EF2187D2AF7760800189DF9 /* SingleSelectionViewController.swift */ = {isa = PBXFileReference; lastKnownFileType = sourcecode.swift; path = SingleSelectionViewController.swift; sourceTree = "<group>"; };
		9EF218802AF7761500189DF9 /* MultipleSelection.storyboard */ = {isa = PBXFileReference; lastKnownFileType = file.storyboard; path = MultipleSelection.storyboard; sourceTree = "<group>"; };
		9EF218822AF7761D00189DF9 /* MultiSelectionViewController.swift */ = {isa = PBXFileReference; lastKnownFileType = sourcecode.swift; path = MultiSelectionViewController.swift; sourceTree = "<group>"; };
		9EF218852AF776B500189DF9 /* EditModeViewController.swift */ = {isa = PBXFileReference; lastKnownFileType = sourcecode.swift; path = EditModeViewController.swift; sourceTree = "<group>"; };
		9EF218872AF776BA00189DF9 /* EditMode.storyboard */ = {isa = PBXFileReference; lastKnownFileType = file.storyboard; path = EditMode.storyboard; sourceTree = "<group>"; };
		9EF2188A2AF776D800189DF9 /* ReorderingViewController.swift */ = {isa = PBXFileReference; lastKnownFileType = sourcecode.swift; path = ReorderingViewController.swift; sourceTree = "<group>"; };
		9EF2188C2AF776DE00189DF9 /* Reordering.storyboard */ = {isa = PBXFileReference; lastKnownFileType = file.storyboard; path = Reordering.storyboard; sourceTree = "<group>"; };
		9EF2188F2AF7770000189DF9 /* SwipeActionViewController.swift */ = {isa = PBXFileReference; lastKnownFileType = sourcecode.swift; path = SwipeActionViewController.swift; sourceTree = "<group>"; };
		9EF218912AF7770500189DF9 /* SwipeAction.storyboard */ = {isa = PBXFileReference; lastKnownFileType = file.storyboard; path = SwipeAction.storyboard; sourceTree = "<group>"; };
		9EF218942AF7772B00189DF9 /* Prefetching.storyboard */ = {isa = PBXFileReference; lastKnownFileType = file.storyboard; path = Prefetching.storyboard; sourceTree = "<group>"; };
		9EF218962AF7773000189DF9 /* PrefetchingViewController.swift */ = {isa = PBXFileReference; lastKnownFileType = sourcecode.swift; path = PrefetchingViewController.swift; sourceTree = "<group>"; };
/* End PBXFileReference section */

/* Begin PBXFrameworksBuildPhase section */
		9EF2183F2AF7726000189DF9 /* Frameworks */ = {
			isa = PBXFrameworksBuildPhase;
			buildActionMask = 2147483647;
			files = (
			);
			runOnlyForDeploymentPostprocessing = 0;
		};
/* End PBXFrameworksBuildPhase section */

/* Begin PBXGroup section */
		9E385BFE2AFB88DC00E155EB /* CellForRowAt */ = {
			isa = PBXGroup;
			children = (
				9EF2185B2AF773C400189DF9 /* Basic */,
				9EF218612AF774B900189DF9 /* MultiSection */,
				9EF218662AF7751200189DF9 /* Separator */,
				9EF2186B2AF7754700189DF9 /* SelfSizing */,
				9EF218702AF7756E00189DF9 /* CustomCell */,
				9EF218752AF775B000189DF9 /* SectionIndex */,
				9EF2187A2AF775F700189DF9 /* SingleSelection */,
				9EF2187F2AF7760B00189DF9 /* MultipleSelection */,
				9EF218842AF776AC00189DF9 /* EditMode */,
				9EF218892AF776C900189DF9 /* Reordering */,
				9EF2188E2AF776F300189DF9 /* SwipeAction */,
				9EF218932AF7772100189DF9 /* Prefetching */,
			);
			path = CellForRowAt;
			sourceTree = "<group>";
		};
		9E385BFF2AFB88E300E155EB /* DiffableDataSource */ = {
			isa = PBXGroup;
			children = (
				9E385C022AFBA8BF00E155EB /* DiffableDataSource */,
				9E385C072AFBB47900E155EB /* Background */,
				9E385C0C2AFBB9DE00E155EB /* State */,
				9E385C112AFBC80400E155EB /* Cell Subclass */,
				9E385C182AFBCBD800E155EB /* CustomCellConfig */,
			);
			path = DiffableDataSource;
			sourceTree = "<group>";
		};
		9E385C022AFBA8BF00E155EB /* DiffableDataSource */ = {
			isa = PBXGroup;
			children = (
				9E385C032AFBA8D000E155EB /* DiffableDataSource.storyboard */,
				9E385C052AFBA8E000E155EB /* DiffableDataSourceViewController.swift */,
			);
			path = DiffableDataSource;
			sourceTree = "<group>";
		};
		9E385C072AFBB47900E155EB /* Background */ = {
			isa = PBXGroup;
			children = (
				9E385C082AFBB48400E155EB /* Background.storyboard */,
				9E385C0A2AFBB48A00E155EB /* BackgroundViewController.swift */,
			);
			path = Background;
			sourceTree = "<group>";
		};
		9E385C0C2AFBB9DE00E155EB /* State */ = {
			isa = PBXGroup;
			children = (
				9E385C0F2AFBB9F100E155EB /* State.storyboard */,
				9E385C0D2AFBB9EC00E155EB /* StateViewController.swift */,
			);
			path = State;
			sourceTree = "<group>";
		};
		9E385C112AFBC80400E155EB /* Cell Subclass */ = {
			isa = PBXGroup;
			children = (
				9E385C142AFBC81D00E155EB /* CellSubclass.storyboard */,
				9E385C122AFBC81800E155EB /* CellSubclassViewController.swift */,
				9E385C162AFBC8F800E155EB /* FoodCell.swift */,
			);
			path = "Cell Subclass";
			sourceTree = "<group>";
		};
		9E385C182AFBCBD800E155EB /* CustomCellConfig */ = {
			isa = PBXGroup;
			children = (
				9E385C1D2AFBCC1D00E155EB /* CustomCellConfig.storyboard */,
				9E385C1B2AFBCC1700E155EB /* CustomCellConfigViewController.swift */,
			);
			path = CustomCellConfig;
			sourceTree = "<group>";
		};
		9EF218392AF7726000189DF9 = {
			isa = PBXGroup;
			children = (
				9EF218442AF7726000189DF9 /* UITableView */,
				9EF218432AF7726000189DF9 /* Products */,
			);
			sourceTree = "<group>";
		};
		9EF218432AF7726000189DF9 /* Products */ = {
			isa = PBXGroup;
			children = (
				9EF218422AF7726000189DF9 /* UITableView.app */,
			);
			name = Products;
			sourceTree = "<group>";
		};
		9EF218442AF7726000189DF9 /* UITableView */ = {
			isa = PBXGroup;
			children = (
				9EF218452AF7726000189DF9 /* AppDelegate.swift */,
				9EF218472AF7726000189DF9 /* SceneDelegate.swift */,
				9EF2184B2AF7726000189DF9 /* Main.storyboard */,
				9EF218602AF7748800189DF9 /* Models */,
				9E385BFE2AFB88DC00E155EB /* CellForRowAt */,
				9E385BFF2AFB88E300E155EB /* DiffableDataSource */,
				9EF2184E2AF7726100189DF9 /* Assets.xcassets */,
				9EF218502AF7726100189DF9 /* LaunchScreen.storyboard */,
				9EF218532AF7726100189DF9 /* Info.plist */,
			);
			path = UITableView;
			sourceTree = "<group>";
		};
		9EF2185B2AF773C400189DF9 /* Basic */ = {
			isa = PBXGroup;
			children = (
				9EF2185E2AF773D200189DF9 /* Basic.storyboard */,
				9EF2185C2AF773CE00189DF9 /* BasicViewController.swift */,
			);
			path = Basic;
			sourceTree = "<group>";
		};
		9EF218602AF7748800189DF9 /* Models */ = {
			isa = PBXGroup;
			children = (
				9EF218592AF773BC00189DF9 /* RandomNumber.swift */,
				9E3FB3F62AF7C93300EE21E7 /* PhotosSettingItem.swift */,
				9E485C9D2AFB633000FE59E7 /* Landscape.swift */,
				9E385C002AFBA56400E155EB /* ApplicationData.swift */,
			);
			path = Models;
			sourceTree = "<group>";
		};
		9EF218612AF774B900189DF9 /* MultiSection */ = {
			isa = PBXGroup;
			children = (
				9EF218622AF774C200189DF9 /* MultiSection.storyboard */,
				9EF218642AF774D900189DF9 /* MultiSectionViewController.swift */,
				9E3FB3F82AF7D5B300EE21E7 /* SwitchTableViewCell.swift */,
			);
			path = MultiSection;
			sourceTree = "<group>";
		};
		9EF218662AF7751200189DF9 /* Separator */ = {
			isa = PBXGroup;
			children = (
				9EF218692AF7752100189DF9 /* Separator.storyboard */,
				9EF218672AF7751C00189DF9 /* SeperatorViewController.swift */,
			);
			path = Separator;
			sourceTree = "<group>";
		};
		9EF2186B2AF7754700189DF9 /* SelfSizing */ = {
			isa = PBXGroup;
			children = (
				9EF2186C2AF7755600189DF9 /* SelfSizing.storyboard */,
				9EF2186E2AF7756100189DF9 /* SelfSizingViewController.swift */,
			);
			path = SelfSizing;
			sourceTree = "<group>";
		};
		9EF218702AF7756E00189DF9 /* CustomCell */ = {
			isa = PBXGroup;
			children = (
				9EF218712AF7757C00189DF9 /* CustomCell.storyboard */,
				9EF218732AF7758200189DF9 /* CustomCellTableViewController.swift */,
				9E485CA42AFB692D00FE59E7 /* CustomTableViewCell.xib */,
				9E485CA32AFB692D00FE59E7 /* CustomTableViewCell.swift */,
			);
			path = CustomCell;
			sourceTree = "<group>";
		};
		9EF218752AF775B000189DF9 /* SectionIndex */ = {
			isa = PBXGroup;
			children = (
				9EF218782AF775BF00189DF9 /* SectionIndex.storyboard */,
				9EF218762AF775BA00189DF9 /* SectionIndexViewController.swift */,
			);
			path = SectionIndex;
			sourceTree = "<group>";
		};
		9EF2187A2AF775F700189DF9 /* SingleSelection */ = {
			isa = PBXGroup;
			children = (
				9EF2187B2AF7760100189DF9 /* SingleSelection.storyboard */,
				9EF2187D2AF7760800189DF9 /* SingleSelectionViewController.swift */,
			);
			path = SingleSelection;
			sourceTree = "<group>";
		};
		9EF2187F2AF7760B00189DF9 /* MultipleSelection */ = {
			isa = PBXGroup;
			children = (
				9EF218802AF7761500189DF9 /* MultipleSelection.storyboard */,
				9EF218822AF7761D00189DF9 /* MultiSelectionViewController.swift */,
				9E485C342AF8B51900FE59E7 /* MultipleSelectionTableViewCell.swift */,
			);
			path = MultipleSelection;
			sourceTree = "<group>";
		};
		9EF218842AF776AC00189DF9 /* EditMode */ = {
			isa = PBXGroup;
			children = (
				9EF218872AF776BA00189DF9 /* EditMode.storyboard */,
				9EF218852AF776B500189DF9 /* EditModeViewController.swift */,
			);
			path = EditMode;
			sourceTree = "<group>";
		};
		9EF218892AF776C900189DF9 /* Reordering */ = {
			isa = PBXGroup;
			children = (
				9EF2188C2AF776DE00189DF9 /* Reordering.storyboard */,
				9EF2188A2AF776D800189DF9 /* ReorderingViewController.swift */,
			);
			path = Reordering;
			sourceTree = "<group>";
		};
		9EF2188E2AF776F300189DF9 /* SwipeAction */ = {
			isa = PBXGroup;
			children = (
				9EF218912AF7770500189DF9 /* SwipeAction.storyboard */,
				9EF2188F2AF7770000189DF9 /* SwipeActionViewController.swift */,
			);
			path = SwipeAction;
			sourceTree = "<group>";
		};
		9EF218932AF7772100189DF9 /* Prefetching */ = {
			isa = PBXGroup;
			children = (
				9EF218942AF7772B00189DF9 /* Prefetching.storyboard */,
				9EF218962AF7773000189DF9 /* PrefetchingViewController.swift */,
				9E485C9F2AFB64DC00FE59E7 /* ImageTableViewCell.swift */,
			);
			path = Prefetching;
			sourceTree = "<group>";
		};
/* End PBXGroup section */

/* Begin PBXNativeTarget section */
		9EF218412AF7726000189DF9 /* UITableView */ = {
			isa = PBXNativeTarget;
			buildConfigurationList = 9EF218562AF7726100189DF9 /* Build configuration list for PBXNativeTarget "UITableView" */;
			buildPhases = (
				9EF2183E2AF7726000189DF9 /* Sources */,
				9EF2183F2AF7726000189DF9 /* Frameworks */,
				9EF218402AF7726000189DF9 /* Resources */,
			);
			buildRules = (
			);
			dependencies = (
			);
			name = UITableView;
			productName = UITableView;
			productReference = 9EF218422AF7726000189DF9 /* UITableView.app */;
			productType = "com.apple.product-type.application";
		};
/* End PBXNativeTarget section */

/* Begin PBXProject section */
		9EF2183A2AF7726000189DF9 /* Project object */ = {
			isa = PBXProject;
			attributes = {
				BuildIndependentTargetsInParallel = 1;
				LastSwiftUpdateCheck = 1500;
				LastUpgradeCheck = 1500;
				TargetAttributes = {
					9EF218412AF7726000189DF9 = {
						CreatedOnToolsVersion = 15.0.1;
					};
				};
			};
			buildConfigurationList = 9EF2183D2AF7726000189DF9 /* Build configuration list for PBXProject "UITableView" */;
			compatibilityVersion = "Xcode 14.0";
			developmentRegion = en;
			hasScannedForEncodings = 0;
			knownRegions = (
				en,
				Base,
			);
			mainGroup = 9EF218392AF7726000189DF9;
			productRefGroup = 9EF218432AF7726000189DF9 /* Products */;
			projectDirPath = "";
			projectRoot = "";
			targets = (
				9EF218412AF7726000189DF9 /* UITableView */,
			);
		};
/* End PBXProject section */

/* Begin PBXResourcesBuildPhase section */
		9EF218402AF7726000189DF9 /* Resources */ = {
			isa = PBXResourcesBuildPhase;
			buildActionMask = 2147483647;
			files = (
				9E385C042AFBA8D000E155EB /* DiffableDataSource.storyboard in Resources */,
				9EF2186D2AF7755600189DF9 /* SelfSizing.storyboard in Resources */,
				9EF218882AF776BA00189DF9 /* EditMode.storyboard in Resources */,
				9E385C1E2AFBCC1D00E155EB /* CustomCellConfig.storyboard in Resources */,
				9EF2188D2AF776DE00189DF9 /* Reordering.storyboard in Resources */,
				9EF218522AF7726100189DF9 /* LaunchScreen.storyboard in Resources */,
				9EF218632AF774C200189DF9 /* MultiSection.storyboard in Resources */,
				9E385C092AFBB48400E155EB /* Background.storyboard in Resources */,
				9EF218952AF7772B00189DF9 /* Prefetching.storyboard in Resources */,
				9E385C102AFBB9F100E155EB /* State.storyboard in Resources */,
				9E485CA62AFB692D00FE59E7 /* CustomTableViewCell.xib in Resources */,
				9E385C152AFBC81D00E155EB /* CellSubclass.storyboard in Resources */,
				9EF218922AF7770500189DF9 /* SwipeAction.storyboard in Resources */,
				9EF2186A2AF7752100189DF9 /* Separator.storyboard in Resources */,
				9EF2185F2AF773D200189DF9 /* Basic.storyboard in Resources */,
				9EF218792AF775BF00189DF9 /* SectionIndex.storyboard in Resources */,
				9EF2184F2AF7726100189DF9 /* Assets.xcassets in Resources */,
				9EF218812AF7761500189DF9 /* MultipleSelection.storyboard in Resources */,
				9EF2184D2AF7726000189DF9 /* Main.storyboard in Resources */,
				9EF218722AF7757C00189DF9 /* CustomCell.storyboard in Resources */,
				9EF2187C2AF7760100189DF9 /* SingleSelection.storyboard in Resources */,
			);
			runOnlyForDeploymentPostprocessing = 0;
		};
/* End PBXResourcesBuildPhase section */

/* Begin PBXSourcesBuildPhase section */
		9EF2183E2AF7726000189DF9 /* Sources */ = {
			isa = PBXSourcesBuildPhase;
			buildActionMask = 2147483647;
			files = (
				9E385C0B2AFBB48A00E155EB /* BackgroundViewController.swift in Sources */,
				9EF218742AF7758200189DF9 /* CustomCellTableViewController.swift in Sources */,
				9EF2188B2AF776D800189DF9 /* ReorderingViewController.swift in Sources */,
				9E3FB3F92AF7D5B300EE21E7 /* SwitchTableViewCell.swift in Sources */,
				9E385C0E2AFBB9EC00E155EB /* StateViewController.swift in Sources */,
				9E385C062AFBA8E000E155EB /* DiffableDataSourceViewController.swift in Sources */,
				9E485CA52AFB692D00FE59E7 /* CustomTableViewCell.swift in Sources */,
				9EF2186F2AF7756100189DF9 /* SelfSizingViewController.swift in Sources */,
				9EF218462AF7726000189DF9 /* AppDelegate.swift in Sources */,
				9EF2185D2AF773CE00189DF9 /* BasicViewController.swift in Sources */,
				9E3FB3F72AF7C93300EE21E7 /* PhotosSettingItem.swift in Sources */,
				9EF218972AF7773000189DF9 /* PrefetchingViewController.swift in Sources */,
				9EF218482AF7726000189DF9 /* SceneDelegate.swift in Sources */,
				9EF218862AF776B500189DF9 /* EditModeViewController.swift in Sources */,
				9EF218772AF775BA00189DF9 /* SectionIndexViewController.swift in Sources */,
				9EF2185A2AF773BD00189DF9 /* RandomNumber.swift in Sources */,
				9E385C132AFBC81800E155EB /* CellSubclassViewController.swift in Sources */,
				9EF218832AF7761D00189DF9 /* MultiSelectionViewController.swift in Sources */,
				9E385C012AFBA56400E155EB /* ApplicationData.swift in Sources */,
				9E385C1C2AFBCC1700E155EB /* CustomCellConfigViewController.swift in Sources */,
				9EF218682AF7751C00189DF9 /* SeperatorViewController.swift in Sources */,
				9EF218902AF7770000189DF9 /* SwipeActionViewController.swift in Sources */,
				9EF218652AF774D900189DF9 /* MultiSectionViewController.swift in Sources */,
				9E485C352AF8B51900FE59E7 /* MultipleSelectionTableViewCell.swift in Sources */,
				9E485CA02AFB64DC00FE59E7 /* ImageTableViewCell.swift in Sources */,
				9E485C9E2AFB633000FE59E7 /* Landscape.swift in Sources */,
				9E385C172AFBC8F800E155EB /* FoodCell.swift in Sources */,
				9EF2187E2AF7760800189DF9 /* SingleSelectionViewController.swift in Sources */,
			);
			runOnlyForDeploymentPostprocessing = 0;
		};
/* End PBXSourcesBuildPhase section */

/* Begin PBXVariantGroup section */
		9EF2184B2AF7726000189DF9 /* Main.storyboard */ = {
			isa = PBXVariantGroup;
			children = (
				9EF2184C2AF7726000189DF9 /* Base */,
			);
			name = Main.storyboard;
			sourceTree = "<group>";
		};
		9EF218502AF7726100189DF9 /* LaunchScreen.storyboard */ = {
			isa = PBXVariantGroup;
			children = (
				9EF218512AF7726100189DF9 /* Base */,
			);
			name = LaunchScreen.storyboard;
			sourceTree = "<group>";
		};
/* End PBXVariantGroup section */

/* Begin XCBuildConfiguration section */
		9EF218542AF7726100189DF9 /* Debug */ = {
			isa = XCBuildConfiguration;
			buildSettings = {
				ALWAYS_SEARCH_USER_PATHS = NO;
				ASSETCATALOG_COMPILER_GENERATE_SWIFT_ASSET_SYMBOL_EXTENSIONS = YES;
				CLANG_ANALYZER_NONNULL = YES;
				CLANG_ANALYZER_NUMBER_OBJECT_CONVERSION = YES_AGGRESSIVE;
				CLANG_CXX_LANGUAGE_STANDARD = "gnu++20";
				CLANG_ENABLE_MODULES = YES;
				CLANG_ENABLE_OBJC_ARC = YES;
				CLANG_ENABLE_OBJC_WEAK = YES;
				CLANG_WARN_BLOCK_CAPTURE_AUTORELEASING = YES;
				CLANG_WARN_BOOL_CONVERSION = YES;
				CLANG_WARN_COMMA = YES;
				CLANG_WARN_CONSTANT_CONVERSION = YES;
				CLANG_WARN_DEPRECATED_OBJC_IMPLEMENTATIONS = YES;
				CLANG_WARN_DIRECT_OBJC_ISA_USAGE = YES_ERROR;
				CLANG_WARN_DOCUMENTATION_COMMENTS = YES;
				CLANG_WARN_EMPTY_BODY = YES;
				CLANG_WARN_ENUM_CONVERSION = YES;
				CLANG_WARN_INFINITE_RECURSION = YES;
				CLANG_WARN_INT_CONVERSION = YES;
				CLANG_WARN_NON_LITERAL_NULL_CONVERSION = YES;
				CLANG_WARN_OBJC_IMPLICIT_RETAIN_SELF = YES;
				CLANG_WARN_OBJC_LITERAL_CONVERSION = YES;
				CLANG_WARN_OBJC_ROOT_CLASS = YES_ERROR;
				CLANG_WARN_QUOTED_INCLUDE_IN_FRAMEWORK_HEADER = YES;
				CLANG_WARN_RANGE_LOOP_ANALYSIS = YES;
				CLANG_WARN_STRICT_PROTOTYPES = YES;
				CLANG_WARN_SUSPICIOUS_MOVE = YES;
				CLANG_WARN_UNGUARDED_AVAILABILITY = YES_AGGRESSIVE;
				CLANG_WARN_UNREACHABLE_CODE = YES;
				CLANG_WARN__DUPLICATE_METHOD_MATCH = YES;
				COPY_PHASE_STRIP = NO;
				DEBUG_INFORMATION_FORMAT = dwarf;
				ENABLE_STRICT_OBJC_MSGSEND = YES;
				ENABLE_TESTABILITY = YES;
				ENABLE_USER_SCRIPT_SANDBOXING = YES;
				GCC_C_LANGUAGE_STANDARD = gnu17;
				GCC_DYNAMIC_NO_PIC = NO;
				GCC_NO_COMMON_BLOCKS = YES;
				GCC_OPTIMIZATION_LEVEL = 0;
				GCC_PREPROCESSOR_DEFINITIONS = (
					"DEBUG=1",
					"$(inherited)",
				);
				GCC_WARN_64_TO_32_BIT_CONVERSION = YES;
				GCC_WARN_ABOUT_RETURN_TYPE = YES_ERROR;
				GCC_WARN_UNDECLARED_SELECTOR = YES;
				GCC_WARN_UNINITIALIZED_AUTOS = YES_AGGRESSIVE;
				GCC_WARN_UNUSED_FUNCTION = YES;
				GCC_WARN_UNUSED_VARIABLE = YES;
				IPHONEOS_DEPLOYMENT_TARGET = 17.0;
				LOCALIZATION_PREFERS_STRING_CATALOGS = YES;
				MTL_ENABLE_DEBUG_INFO = INCLUDE_SOURCE;
				MTL_FAST_MATH = YES;
				ONLY_ACTIVE_ARCH = YES;
				SDKROOT = iphoneos;
				SWIFT_ACTIVE_COMPILATION_CONDITIONS = "DEBUG $(inherited)";
				SWIFT_OPTIMIZATION_LEVEL = "-Onone";
			};
			name = Debug;
		};
		9EF218552AF7726100189DF9 /* Release */ = {
			isa = XCBuildConfiguration;
			buildSettings = {
				ALWAYS_SEARCH_USER_PATHS = NO;
				ASSETCATALOG_COMPILER_GENERATE_SWIFT_ASSET_SYMBOL_EXTENSIONS = YES;
				CLANG_ANALYZER_NONNULL = YES;
				CLANG_ANALYZER_NUMBER_OBJECT_CONVERSION = YES_AGGRESSIVE;
				CLANG_CXX_LANGUAGE_STANDARD = "gnu++20";
				CLANG_ENABLE_MODULES = YES;
				CLANG_ENABLE_OBJC_ARC = YES;
				CLANG_ENABLE_OBJC_WEAK = YES;
				CLANG_WARN_BLOCK_CAPTURE_AUTORELEASING = YES;
				CLANG_WARN_BOOL_CONVERSION = YES;
				CLANG_WARN_COMMA = YES;
				CLANG_WARN_CONSTANT_CONVERSION = YES;
				CLANG_WARN_DEPRECATED_OBJC_IMPLEMENTATIONS = YES;
				CLANG_WARN_DIRECT_OBJC_ISA_USAGE = YES_ERROR;
				CLANG_WARN_DOCUMENTATION_COMMENTS = YES;
				CLANG_WARN_EMPTY_BODY = YES;
				CLANG_WARN_ENUM_CONVERSION = YES;
				CLANG_WARN_INFINITE_RECURSION = YES;
				CLANG_WARN_INT_CONVERSION = YES;
				CLANG_WARN_NON_LITERAL_NULL_CONVERSION = YES;
				CLANG_WARN_OBJC_IMPLICIT_RETAIN_SELF = YES;
				CLANG_WARN_OBJC_LITERAL_CONVERSION = YES;
				CLANG_WARN_OBJC_ROOT_CLASS = YES_ERROR;
				CLANG_WARN_QUOTED_INCLUDE_IN_FRAMEWORK_HEADER = YES;
				CLANG_WARN_RANGE_LOOP_ANALYSIS = YES;
				CLANG_WARN_STRICT_PROTOTYPES = YES;
				CLANG_WARN_SUSPICIOUS_MOVE = YES;
				CLANG_WARN_UNGUARDED_AVAILABILITY = YES_AGGRESSIVE;
				CLANG_WARN_UNREACHABLE_CODE = YES;
				CLANG_WARN__DUPLICATE_METHOD_MATCH = YES;
				COPY_PHASE_STRIP = NO;
				DEBUG_INFORMATION_FORMAT = "dwarf-with-dsym";
				ENABLE_NS_ASSERTIONS = NO;
				ENABLE_STRICT_OBJC_MSGSEND = YES;
				ENABLE_USER_SCRIPT_SANDBOXING = YES;
				GCC_C_LANGUAGE_STANDARD = gnu17;
				GCC_NO_COMMON_BLOCKS = YES;
				GCC_WARN_64_TO_32_BIT_CONVERSION = YES;
				GCC_WARN_ABOUT_RETURN_TYPE = YES_ERROR;
				GCC_WARN_UNDECLARED_SELECTOR = YES;
				GCC_WARN_UNINITIALIZED_AUTOS = YES_AGGRESSIVE;
				GCC_WARN_UNUSED_FUNCTION = YES;
				GCC_WARN_UNUSED_VARIABLE = YES;
				IPHONEOS_DEPLOYMENT_TARGET = 17.0;
				LOCALIZATION_PREFERS_STRING_CATALOGS = YES;
				MTL_ENABLE_DEBUG_INFO = NO;
				MTL_FAST_MATH = YES;
				SDKROOT = iphoneos;
				SWIFT_COMPILATION_MODE = wholemodule;
				VALIDATE_PRODUCT = YES;
			};
			name = Release;
		};
		9EF218572AF7726100189DF9 /* Debug */ = {
			isa = XCBuildConfiguration;
			buildSettings = {
				ASSETCATALOG_COMPILER_APPICON_NAME = AppIcon;
				ASSETCATALOG_COMPILER_GLOBAL_ACCENT_COLOR_NAME = AccentColor;
				CODE_SIGN_STYLE = Automatic;
				CURRENT_PROJECT_VERSION = 1;
				DEVELOPMENT_TEAM = 4DQM269FVB;
				GENERATE_INFOPLIST_FILE = YES;
				INFOPLIST_FILE = UITableView/Info.plist;
				INFOPLIST_KEY_UIApplicationSupportsIndirectInputEvents = YES;
				INFOPLIST_KEY_UILaunchStoryboardName = LaunchScreen;
				INFOPLIST_KEY_UIMainStoryboardFile = Main;
				INFOPLIST_KEY_UISupportedInterfaceOrientations_iPad = "UIInterfaceOrientationPortrait UIInterfaceOrientationPortraitUpsideDown UIInterfaceOrientationLandscapeLeft UIInterfaceOrientationLandscapeRight";
				INFOPLIST_KEY_UISupportedInterfaceOrientations_iPhone = "UIInterfaceOrientationPortrait UIInterfaceOrientationLandscapeLeft UIInterfaceOrientationLandscapeRight";
				LD_RUNPATH_SEARCH_PATHS = (
					"$(inherited)",
					"@executable_path/Frameworks",
				);
				MARKETING_VERSION = 1.0;
				PRODUCT_BUNDLE_IDENTIFIER = "com.kunwoo-kim.UITableView";
				PRODUCT_NAME = "$(TARGET_NAME)";
				SWIFT_EMIT_LOC_STRINGS = YES;
				SWIFT_VERSION = 5.0;
				TARGETED_DEVICE_FAMILY = "1,2";
			};
			name = Debug;
		};
		9EF218582AF7726100189DF9 /* Release */ = {
			isa = XCBuildConfiguration;
			buildSettings = {
				ASSETCATALOG_COMPILER_APPICON_NAME = AppIcon;
				ASSETCATALOG_COMPILER_GLOBAL_ACCENT_COLOR_NAME = AccentColor;
				CODE_SIGN_STYLE = Automatic;
				CURRENT_PROJECT_VERSION = 1;
				DEVELOPMENT_TEAM = 4DQM269FVB;
				GENERATE_INFOPLIST_FILE = YES;
				INFOPLIST_FILE = UITableView/Info.plist;
				INFOPLIST_KEY_UIApplicationSupportsIndirectInputEvents = YES;
				INFOPLIST_KEY_UILaunchStoryboardName = LaunchScreen;
				INFOPLIST_KEY_UIMainStoryboardFile = Main;
				INFOPLIST_KEY_UISupportedInterfaceOrientations_iPad = "UIInterfaceOrientationPortrait UIInterfaceOrientationPortraitUpsideDown UIInterfaceOrientationLandscapeLeft UIInterfaceOrientationLandscapeRight";
				INFOPLIST_KEY_UISupportedInterfaceOrientations_iPhone = "UIInterfaceOrientationPortrait UIInterfaceOrientationLandscapeLeft UIInterfaceOrientationLandscapeRight";
				LD_RUNPATH_SEARCH_PATHS = (
					"$(inherited)",
					"@executable_path/Frameworks",
				);
				MARKETING_VERSION = 1.0;
				PRODUCT_BUNDLE_IDENTIFIER = "com.kunwoo-kim.UITableView";
				PRODUCT_NAME = "$(TARGET_NAME)";
				SWIFT_EMIT_LOC_STRINGS = YES;
				SWIFT_VERSION = 5.0;
				TARGETED_DEVICE_FAMILY = "1,2";
			};
			name = Release;
		};
/* End XCBuildConfiguration section */

/* Begin XCConfigurationList section */
		9EF2183D2AF7726000189DF9 /* Build configuration list for PBXProject "UITableView" */ = {
			isa = XCConfigurationList;
			buildConfigurations = (
				9EF218542AF7726100189DF9 /* Debug */,
				9EF218552AF7726100189DF9 /* Release */,
			);
			defaultConfigurationIsVisible = 0;
			defaultConfigurationName = Release;
		};
		9EF218562AF7726100189DF9 /* Build configuration list for PBXNativeTarget "UITableView" */ = {
			isa = XCConfigurationList;
			buildConfigurations = (
				9EF218572AF7726100189DF9 /* Debug */,
				9EF218582AF7726100189DF9 /* Release */,
			);
			defaultConfigurationIsVisible = 0;
			defaultConfigurationName = Release;
		};
/* End XCConfigurationList section */
	};
	rootObject = 9EF2183A2AF7726000189DF9 /* Project object */;
}
